
Microsoft Visual Studio Solution File, Format Version 12.00
# Visual Studio Version 17
VisualStudioVersion = 17.0.32112.339
MinimumVisualStudioVersion = 10.0.40219.1
Project("{FAE04EC0-301F-11D3-BF4B-00C04F79EFBC}") = "Demo_Second", "Demo_Second.csproj", "{379F1B91-ED05-4D7E-9190-E41B5EAA40ED}"
EndProject
Global
	GlobalSection(SolutionConfigurationPlatforms) = preSolution
		Debug|Any CPU = Debug|Any CPU
		Release|Any CPU = Release|Any CPU
	EndGlobalSection
	GlobalSection(ProjectConfigurationPlatforms) = postSolution
		{379F1B91-ED05-4D7E-9190-E41B5EAA40ED}.Debug|Any CPU.ActiveCfg = Debug|Any CPU
		{379F1B91-ED05-4D7E-9190-E41B5EAA40ED}.Debug|Any CPU.Build.0 = Debug|Any CPU
		{379F1B91-ED05-4D7E-9190-E41B5EAA40ED}.Release|Any CPU.ActiveCfg = Release|Any CPU
		{379F1B91-ED05-4D7E-9190-E41B5EAA40ED}.Release|Any CPU.Build.0 = Release|Any CPU
	EndGlobalSection
	GlobalSection(SolutionProperties) = preSolution
		HideSolutionNode = FALSE
	EndGlobalSection
	GlobalSection(ExtensibilityGlobals) = postSolution
		SolutionGuid = {F2EB438F-9826-4B08-94C9-3DD8C8D22806}
	EndGlobalSection
EndGlobal
