
Microsoft Visual Studio Solution File, Format Version 12.00
# Visual Studio Version 17
VisualStudioVersion = 17.0.32112.339
MinimumVisualStudioVersion = 10.0.40219.1
Project("{FAE04EC0-301F-11D3-BF4B-00C04F79EFBC}") = "demo_first", "demo_first.csproj", "{17454A23-EFC4-4138-8B1B-04DA4FAA24C5}"
EndProject
Project("{FAE04EC0-301F-11D3-BF4B-00C04F79EFBC}") = "demo_second", "..\demo_second\demo_second.csproj", "{693E4AF3-9C2F-45C9-BEE8-C17A4B773F0C}"
EndProject
Project("{FAE04EC0-301F-11D3-BF4B-00C04F79EFBC}") = "Demo_Reflection", "..\Demo_Reflection\Demo_Reflection.csproj", "{A3039FA4-E2C4-4BFC-BBD4-B22226A728EA}"
EndProject
Global
	GlobalSection(SolutionConfigurationPlatforms) = preSolution
		Debug|Any CPU = Debug|Any CPU
		Release|Any CPU = Release|Any CPU
	EndGlobalSection
	GlobalSection(ProjectConfigurationPlatforms) = postSolution
		{17454A23-EFC4-4138-8B1B-04DA4FAA24C5}.Debug|Any CPU.ActiveCfg = Debug|Any CPU
		{17454A23-EFC4-4138-8B1B-04DA4FAA24C5}.Debug|Any CPU.Build.0 = Debug|Any CPU
		{17454A23-EFC4-4138-8B1B-04DA4FAA24C5}.Release|Any CPU.ActiveCfg = Release|Any CPU
		{17454A23-EFC4-4138-8B1B-04DA4FAA24C5}.Release|Any CPU.Build.0 = Release|Any CPU
		{693E4AF3-9C2F-45C9-BEE8-C17A4B773F0C}.Debug|Any CPU.ActiveCfg = Debug|Any CPU
		{693E4AF3-9C2F-45C9-BEE8-C17A4B773F0C}.Debug|Any CPU.Build.0 = Debug|Any CPU
		{693E4AF3-9C2F-45C9-BEE8-C17A4B773F0C}.Release|Any CPU.ActiveCfg = Release|Any CPU
		{693E4AF3-9C2F-45C9-BEE8-C17A4B773F0C}.Release|Any CPU.Build.0 = Release|Any CPU
		{A3039FA4-E2C4-4BFC-BBD4-B22226A728EA}.Debug|Any CPU.ActiveCfg = Debug|Any CPU
		{A3039FA4-E2C4-4BFC-BBD4-B22226A728EA}.Debug|Any CPU.Build.0 = Debug|Any CPU
		{A3039FA4-E2C4-4BFC-BBD4-B22226A728EA}.Release|Any CPU.ActiveCfg = Release|Any CPU
		{A3039FA4-E2C4-4BFC-BBD4-B22226A728EA}.Release|Any CPU.Build.0 = Release|Any CPU
	EndGlobalSection
	GlobalSection(SolutionProperties) = preSolution
		HideSolutionNode = FALSE
	EndGlobalSection
	GlobalSection(ExtensibilityGlobals) = postSolution
		SolutionGuid = {C97900B8-F46A-46B2-A684-C17BC726CF2D}
	EndGlobalSection
EndGlobal
